
Microsoft Visual Studio Solution File, Format Version 12.00
# Visual Studio Version 17
VisualStudioVersion = 17.14.36705.20 d17.14
MinimumVisualStudioVersion = 10.0.40219.1
Project("{D2ABAB84-BF74-430A-B69E-9DC6D40DDA17}") = "CompanyX Multidimensional", "CompanyX Multidimensional\CompanyX Multidimensional.dwproj", "{2AC9CBBD-7599-A237-8277-DF2241A149D4}"
EndProject
Global
	GlobalSection(SolutionConfigurationPlatforms) = preSolution
		Development|Default = Development|Default
	EndGlobalSection
	GlobalSection(ProjectConfigurationPlatforms) = postSolution
		{2AC9CBBD-7599-A237-8277-DF2241A149D4}.Development|Default.ActiveCfg = Development
		{2AC9CBBD-7599-A237-8277-DF2241A149D4}.Development|Default.Build.0 = Development
		{2AC9CBBD-7599-A237-8277-DF2241A149D4}.Development|Default.Deploy.0 = Development
	EndGlobalSection
	GlobalSection(SolutionProperties) = preSolution
		HideSolutionNode = FALSE
	EndGlobalSection
	GlobalSection(ExtensibilityGlobals) = postSolution
		SolutionGuid = {36164996-18C5-4CBE-B4F8-F0F363D6A959}
	EndGlobalSection
EndGlobal
